
Microsoft Visual Studio Solution File, Format Version 12.00
# Visual Studio Version 16
VisualStudioVersion = 16.0.31424.327
MinimumVisualStudioVersion = 10.0.40219.1
Project("{9A19103F-16F7-4668-BE54-9A1E7A4F7556}") = "IntroToCSharp", "IntroToCSharp.csproj", "{EDD46C24-1594-408B-BB89-C5B236E4E49B}"
EndProject
Global
	GlobalSection(SolutionConfigurationPlatforms) = preSolution
		Debug|Any CPU = Debug|Any CPU
		Release|Any CPU = Release|Any CPU
	EndGlobalSection
	GlobalSection(ProjectConfigurationPlatforms) = postSolution
		{EDD46C24-1594-408B-BB89-C5B236E4E49B}.Debug|Any CPU.ActiveCfg = Debug|Any CPU
		{EDD46C24-1594-408B-BB89-C5B236E4E49B}.Debug|Any CPU.Build.0 = Debug|Any CPU
		{EDD46C24-1594-408B-BB89-C5B236E4E49B}.Release|Any CPU.ActiveCfg = Release|Any CPU
		{EDD46C24-1594-408B-BB89-C5B236E4E49B}.Release|Any CPU.Build.0 = Release|Any CPU
	EndGlobalSection
	GlobalSection(SolutionProperties) = preSolution
		HideSolutionNode = FALSE
	EndGlobalSection
	GlobalSection(ExtensibilityGlobals) = postSolution
		SolutionGuid = {B9B5967E-0E35-47EF-ADF9-BA4C9C44FE81}
	EndGlobalSection
EndGlobal
